
Microsoft Visual Studio Solution File, Format Version 12.00
# Visual Studio Version 16
VisualStudioVersion = 16.0.29001.49
MinimumVisualStudioVersion = 10.0.40219.1
Project("{FAE04EC0-301F-11D3-BF4B-00C04F79EFBC}") = "ProyectoFinalEstructuraDeDatos", "ProyectoFinalEstructuraDeDatos\ProyectoFinalEstructuraDeDatos.csproj", "{4B4D703B-5905-4746-91A5-4EB604A0C9ED}"
EndProject
Global
	GlobalSection(SolutionConfigurationPlatforms) = preSolution
		Debug|Any CPU = Debug|Any CPU
		Release|Any CPU = Release|Any CPU
	EndGlobalSection
	GlobalSection(ProjectConfigurationPlatforms) = postSolution
		{4B4D703B-5905-4746-91A5-4EB604A0C9ED}.Debug|Any CPU.ActiveCfg = Debug|Any CPU
		{4B4D703B-5905-4746-91A5-4EB604A0C9ED}.Debug|Any CPU.Build.0 = Debug|Any CPU
		{4B4D703B-5905-4746-91A5-4EB604A0C9ED}.Release|Any CPU.ActiveCfg = Release|Any CPU
		{4B4D703B-5905-4746-91A5-4EB604A0C9ED}.Release|Any CPU.Build.0 = Release|Any CPU
	EndGlobalSection
	GlobalSection(SolutionProperties) = preSolution
		HideSolutionNode = FALSE
	EndGlobalSection
	GlobalSection(ExtensibilityGlobals) = postSolution
		SolutionGuid = {5AE8C496-015B-461E-9AC6-DD19C8085EC4}
	EndGlobalSection
EndGlobal
